
Microsoft Visual Studio Solution File, Format Version 12.00
# Visual Studio 15
VisualStudioVersion = 15.0.28307.271
MinimumVisualStudioVersion = 10.0.40219.1
Project("{FAE04EC0-301F-11D3-BF4B-00C04F79EFBC}") = "LYLRemote", "RemoteWindowWpf\RemoteWindow\LYLRemote.csproj", "{C4A490C2-428A-4AEB-8169-36B8B1B38CCF}"
	ProjectSection(ProjectDependencies) = postProject
		{E1AC889D-E7CD-4E2A-9354-2669F8FBCC05} = {E1AC889D-E7CD-4E2A-9354-2669F8FBCC05}
		{08BB7CB3-21E8-4DEE-BB2C-E4C2F8D870F5} = {08BB7CB3-21E8-4DEE-BB2C-E4C2F8D870F5}
		{21301DFB-7DF4-4FF4-B5B3-9D64336E5C72} = {21301DFB-7DF4-4FF4-B5B3-9D64336E5C72}
	EndProjectSection
EndProject
Project("{FAE04EC0-301F-11D3-BF4B-00C04F79EFBC}") = "Dispath", "RemoteWindowWpf\Dispath\Dispath.csproj", "{12358CDF-D705-426C-A4C1-233BF31FA87E}"
EndProject
Project("{FAE04EC0-301F-11D3-BF4B-00C04F79EFBC}") = "LYL.Common", "RemoteWindowWpf\LYL.Common\LYL.Common.csproj", "{21301DFB-7DF4-4FF4-B5B3-9D64336E5C72}"
EndProject
Project("{FAE04EC0-301F-11D3-BF4B-00C04F79EFBC}") = "LYL.Data", "RemoteWindowWpf\LYL.Data\LYL.Data.csproj", "{E1AC889D-E7CD-4E2A-9354-2669F8FBCC05}"
EndProject
Project("{FAE04EC0-301F-11D3-BF4B-00C04F79EFBC}") = "LYL.Logic", "RemoteWindowWpf\LYL.Logic\LYL.Logic.csproj", "{08BB7CB3-21E8-4DEE-BB2C-E4C2F8D870F5}"
EndProject
Project("{FAE04EC0-301F-11D3-BF4B-00C04F79EFBC}") = "Controls", "RemoteWindowWpf\Controls\Controls.csproj", "{8AF7E7EC-909C-4F8D-B56A-D6690F1A4517}"
EndProject
Project("{2150E333-8FDC-42A3-9474-1A3956D46DE8}") = "Data", "Data", "{0C2F3FB0-7914-4AF2-A404-F9D0E566758B}"
EndProject
Project("{2150E333-8FDC-42A3-9474-1A3956D46DE8}") = "Moudles", "Moudles", "{E8BC1A21-4461-42F1-92D6-2D9372A20438}"
EndProject
Project("{FAE04EC0-301F-11D3-BF4B-00C04F79EFBC}") = "UserMoudle", "RemoteWindowWpf\UserMoudle\UserMoudle.csproj", "{352BF0AD-363D-490D-A865-F7C017603906}"
EndProject
Project("{2150E333-8FDC-42A3-9474-1A3956D46DE8}") = "Common", "Common", "{A50A519E-5AEB-4FCD-8B5D-B4D1D5B0125A}"
EndProject
Project("{FAE04EC0-301F-11D3-BF4B-00C04F79EFBC}") = "EncodeousCommon.Sys.Windows", "RemoteWindowWpf\EncodeousCommon.Sys.Windows\EncodeousCommon.Sys.Windows.csproj", "{1C48817C-3C80-4D0D-95BC-FEACB3BA358A}"
EndProject
Project("{FAE04EC0-301F-11D3-BF4B-00C04F79EFBC}") = "WinServiceStartUp", "RemoteWindowWpf\WinServiceStartUp\WinServiceStartUp.csproj", "{CDC45951-BB9E-4B61-9C09-AA3D3DE068F3}"
	ProjectSection(ProjectDependencies) = postProject
		{E1AC889D-E7CD-4E2A-9354-2669F8FBCC05} = {E1AC889D-E7CD-4E2A-9354-2669F8FBCC05}
		{08BB7CB3-21E8-4DEE-BB2C-E4C2F8D870F5} = {08BB7CB3-21E8-4DEE-BB2C-E4C2F8D870F5}
		{C4A490C2-428A-4AEB-8169-36B8B1B38CCF} = {C4A490C2-428A-4AEB-8169-36B8B1B38CCF}
		{12358CDF-D705-426C-A4C1-233BF31FA87E} = {12358CDF-D705-426C-A4C1-233BF31FA87E}
	EndProjectSection
EndProject
Project("{2150E333-8FDC-42A3-9474-1A3956D46DE8}") = "MainStarts", "MainStarts", "{15012062-02CD-4917-9DED-88ACC71E5718}"
EndProject
Project("{FAE04EC0-301F-11D3-BF4B-00C04F79EFBC}") = "StartApp", "RemoteWindowWpf\StartApp\StartApp.csproj", "{5AE3FF6F-D753-4848-B9CD-E1C6F471F4BA}"
	ProjectSection(ProjectDependencies) = postProject
		{CDC45951-BB9E-4B61-9C09-AA3D3DE068F3} = {CDC45951-BB9E-4B61-9C09-AA3D3DE068F3}
		{C4A490C2-428A-4AEB-8169-36B8B1B38CCF} = {C4A490C2-428A-4AEB-8169-36B8B1B38CCF}
	EndProjectSection
EndProject
Project("{9A19103F-16F7-4668-BE54-9A1E7A4F7556}") = "WebrtcSDK_NET", "RemoteWindowWpf\WebrtcSDK_NET\WebrtcSDK_NET.csproj", "{A82510EF-844E-420C-BCA1-DF2A037638CA}"
EndProject
Global
	GlobalSection(SolutionConfigurationPlatforms) = preSolution
		Debug|Any CPU = Debug|Any CPU
		Debug|ARM = Debug|ARM
		Debug|ARM64 = Debug|ARM64
		Debug|x64 = Debug|x64
		Debug|x86 = Debug|x86
		GN|Any CPU = GN|Any CPU
		GN|ARM = GN|ARM
		GN|ARM64 = GN|ARM64
		GN|x64 = GN|x64
		GN|x86 = GN|x86
		Release|Any CPU = Release|Any CPU
		Release|ARM = Release|ARM
		Release|ARM64 = Release|ARM64
		Release|x64 = Release|x64
		Release|x86 = Release|x86
	EndGlobalSection
	GlobalSection(ProjectConfigurationPlatforms) = postSolution
		{C4A490C2-428A-4AEB-8169-36B8B1B38CCF}.Debug|Any CPU.ActiveCfg = Debug|Any CPU
		{C4A490C2-428A-4AEB-8169-36B8B1B38CCF}.Debug|Any CPU.Build.0 = Debug|Any CPU
		{C4A490C2-428A-4AEB-8169-36B8B1B38CCF}.Debug|ARM.ActiveCfg = Debug|Any CPU
		{C4A490C2-428A-4AEB-8169-36B8B1B38CCF}.Debug|ARM.Build.0 = Debug|Any CPU
		{C4A490C2-428A-4AEB-8169-36B8B1B38CCF}.Debug|ARM64.ActiveCfg = Debug|Any CPU
		{C4A490C2-428A-4AEB-8169-36B8B1B38CCF}.Debug|ARM64.Build.0 = Debug|Any CPU
		{C4A490C2-428A-4AEB-8169-36B8B1B38CCF}.Debug|x64.ActiveCfg = Debug|Any CPU
		{C4A490C2-428A-4AEB-8169-36B8B1B38CCF}.Debug|x64.Build.0 = Debug|Any CPU
		{C4A490C2-428A-4AEB-8169-36B8B1B38CCF}.Debug|x86.ActiveCfg = Debug|Any CPU
		{C4A490C2-428A-4AEB-8169-36B8B1B38CCF}.Debug|x86.Build.0 = Debug|Any CPU
		{C4A490C2-428A-4AEB-8169-36B8B1B38CCF}.GN|Any CPU.ActiveCfg = Release|Any CPU
		{C4A490C2-428A-4AEB-8169-36B8B1B38CCF}.GN|Any CPU.Build.0 = Release|Any CPU
		{C4A490C2-428A-4AEB-8169-36B8B1B38CCF}.GN|ARM.ActiveCfg = Release|Any CPU
		{C4A490C2-428A-4AEB-8169-36B8B1B38CCF}.GN|ARM.Build.0 = Release|Any CPU
		{C4A490C2-428A-4AEB-8169-36B8B1B38CCF}.GN|ARM64.ActiveCfg = Release|Any CPU
		{C4A490C2-428A-4AEB-8169-36B8B1B38CCF}.GN|ARM64.Build.0 = Release|Any CPU
		{C4A490C2-428A-4AEB-8169-36B8B1B38CCF}.GN|x64.ActiveCfg = Release|Any CPU
		{C4A490C2-428A-4AEB-8169-36B8B1B38CCF}.GN|x64.Build.0 = Release|Any CPU
		{C4A490C2-428A-4AEB-8169-36B8B1B38CCF}.GN|x86.ActiveCfg = Release|Any CPU
		{C4A490C2-428A-4AEB-8169-36B8B1B38CCF}.GN|x86.Build.0 = Release|Any CPU
		{C4A490C2-428A-4AEB-8169-36B8B1B38CCF}.Release|Any CPU.ActiveCfg = Release|Any CPU
		{C4A490C2-428A-4AEB-8169-36B8B1B38CCF}.Release|Any CPU.Build.0 = Release|Any CPU
		{C4A490C2-428A-4AEB-8169-36B8B1B38CCF}.Release|ARM.ActiveCfg = Release|Any CPU
		{C4A490C2-428A-4AEB-8169-36B8B1B38CCF}.Release|ARM.Build.0 = Release|Any CPU
		{C4A490C2-428A-4AEB-8169-36B8B1B38CCF}.Release|ARM64.ActiveCfg = Release|Any CPU
		{C4A490C2-428A-4AEB-8169-36B8B1B38CCF}.Release|ARM64.Build.0 = Release|Any CPU
		{C4A490C2-428A-4AEB-8169-36B8B1B38CCF}.Release|x64.ActiveCfg = Release|Any CPU
		{C4A490C2-428A-4AEB-8169-36B8B1B38CCF}.Release|x64.Build.0 = Release|Any CPU
		{C4A490C2-428A-4AEB-8169-36B8B1B38CCF}.Release|x86.ActiveCfg = Release|Any CPU
		{C4A490C2-428A-4AEB-8169-36B8B1B38CCF}.Release|x86.Build.0 = Release|Any CPU
		{12358CDF-D705-426C-A4C1-233BF31FA87E}.Debug|Any CPU.ActiveCfg = Debug|Any CPU
		{12358CDF-D705-426C-A4C1-233BF31FA87E}.Debug|Any CPU.Build.0 = Debug|Any CPU
		{12358CDF-D705-426C-A4C1-233BF31FA87E}.Debug|ARM.ActiveCfg = Debug|Any CPU
		{12358CDF-D705-426C-A4C1-233BF31FA87E}.Debug|ARM.Build.0 = Debug|Any CPU
		{12358CDF-D705-426C-A4C1-233BF31FA87E}.Debug|ARM64.ActiveCfg = Debug|Any CPU
		{12358CDF-D705-426C-A4C1-233BF31FA87E}.Debug|ARM64.Build.0 = Debug|Any CPU
		{12358CDF-D705-426C-A4C1-233BF31FA87E}.Debug|x64.ActiveCfg = Debug|Any CPU
		{12358CDF-D705-426C-A4C1-233BF31FA87E}.Debug|x64.Build.0 = Debug|Any CPU
		{12358CDF-D705-426C-A4C1-233BF31FA87E}.Debug|x86.ActiveCfg = Debug|x86
		{12358CDF-D705-426C-A4C1-233BF31FA87E}.Debug|x86.Build.0 = Debug|x86
		{12358CDF-D705-426C-A4C1-233BF31FA87E}.GN|Any CPU.ActiveCfg = Release|Any CPU
		{12358CDF-D705-426C-A4C1-233BF31FA87E}.GN|Any CPU.Build.0 = Release|Any CPU
		{12358CDF-D705-426C-A4C1-233BF31FA87E}.GN|ARM.ActiveCfg = Release|Any CPU
		{12358CDF-D705-426C-A4C1-233BF31FA87E}.GN|ARM.Build.0 = Release|Any CPU
		{12358CDF-D705-426C-A4C1-233BF31FA87E}.GN|ARM64.ActiveCfg = Release|Any CPU
		{12358CDF-D705-426C-A4C1-233BF31FA87E}.GN|ARM64.Build.0 = Release|Any CPU
		{12358CDF-D705-426C-A4C1-233BF31FA87E}.GN|x64.ActiveCfg = Release|Any CPU
		{12358CDF-D705-426C-A4C1-233BF31FA87E}.GN|x64.Build.0 = Release|Any CPU
		{12358CDF-D705-426C-A4C1-233BF31FA87E}.GN|x86.ActiveCfg = Release|x86
		{12358CDF-D705-426C-A4C1-233BF31FA87E}.GN|x86.Build.0 = Release|x86
		{12358CDF-D705-426C-A4C1-233BF31FA87E}.Release|Any CPU.ActiveCfg = Release|Any CPU
		{12358CDF-D705-426C-A4C1-233BF31FA87E}.Release|Any CPU.Build.0 = Release|Any CPU
		{12358CDF-D705-426C-A4C1-233BF31FA87E}.Release|ARM.ActiveCfg = Release|Any CPU
		{12358CDF-D705-426C-A4C1-233BF31FA87E}.Release|ARM.Build.0 = Release|Any CPU
		{12358CDF-D705-426C-A4C1-233BF31FA87E}.Release|ARM64.ActiveCfg = Release|Any CPU
		{12358CDF-D705-426C-A4C1-233BF31FA87E}.Release|ARM64.Build.0 = Release|Any CPU
		{12358CDF-D705-426C-A4C1-233BF31FA87E}.Release|x64.ActiveCfg = Release|Any CPU
		{12358CDF-D705-426C-A4C1-233BF31FA87E}.Release|x64.Build.0 = Release|Any CPU
		{12358CDF-D705-426C-A4C1-233BF31FA87E}.Release|x86.ActiveCfg = Release|x86
		{12358CDF-D705-426C-A4C1-233BF31FA87E}.Release|x86.Build.0 = Release|x86
		{21301DFB-7DF4-4FF4-B5B3-9D64336E5C72}.Debug|Any CPU.ActiveCfg = Debug|Any CPU
		{21301DFB-7DF4-4FF4-B5B3-9D64336E5C72}.Debug|Any CPU.Build.0 = Debug|Any CPU
		{21301DFB-7DF4-4FF4-B5B3-9D64336E5C72}.Debug|ARM.ActiveCfg = Debug|Any CPU
		{21301DFB-7DF4-4FF4-B5B3-9D64336E5C72}.Debug|ARM.Build.0 = Debug|Any CPU
		{21301DFB-7DF4-4FF4-B5B3-9D64336E5C72}.Debug|ARM64.ActiveCfg = Debug|Any CPU
		{21301DFB-7DF4-4FF4-B5B3-9D64336E5C72}.Debug|ARM64.Build.0 = Debug|Any CPU
		{21301DFB-7DF4-4FF4-B5B3-9D64336E5C72}.Debug|x64.ActiveCfg = Debug|Any CPU
		{21301DFB-7DF4-4FF4-B5B3-9D64336E5C72}.Debug|x64.Build.0 = Debug|Any CPU
		{21301DFB-7DF4-4FF4-B5B3-9D64336E5C72}.Debug|x86.ActiveCfg = Debug|Any CPU
		{21301DFB-7DF4-4FF4-B5B3-9D64336E5C72}.Debug|x86.Build.0 = Debug|Any CPU
		{21301DFB-7DF4-4FF4-B5B3-9D64336E5C72}.GN|Any CPU.ActiveCfg = Release|Any CPU
		{21301DFB-7DF4-4FF4-B5B3-9D64336E5C72}.GN|Any CPU.Build.0 = Release|Any CPU
		{21301DFB-7DF4-4FF4-B5B3-9D64336E5C72}.GN|ARM.ActiveCfg = Release|Any CPU
		{21301DFB-7DF4-4FF4-B5B3-9D64336E5C72}.GN|ARM.Build.0 = Release|Any CPU
		{21301DFB-7DF4-4FF4-B5B3-9D64336E5C72}.GN|ARM64.ActiveCfg = Release|Any CPU
		{21301DFB-7DF4-4FF4-B5B3-9D64336E5C72}.GN|ARM64.Build.0 = Release|Any CPU
		{21301DFB-7DF4-4FF4-B5B3-9D64336E5C72}.GN|x64.ActiveCfg = Release|Any CPU
		{21301DFB-7DF4-4FF4-B5B3-9D64336E5C72}.GN|x64.Build.0 = Release|Any CPU
		{21301DFB-7DF4-4FF4-B5B3-9D64336E5C72}.GN|x86.ActiveCfg = Release|Any CPU
		{21301DFB-7DF4-4FF4-B5B3-9D64336E5C72}.GN|x86.Build.0 = Release|Any CPU
		{21301DFB-7DF4-4FF4-B5B3-9D64336E5C72}.Release|Any CPU.ActiveCfg = Release|Any CPU
		{21301DFB-7DF4-4FF4-B5B3-9D64336E5C72}.Release|Any CPU.Build.0 = Release|Any CPU
		{21301DFB-7DF4-4FF4-B5B3-9D64336E5C72}.Release|ARM.ActiveCfg = Release|Any CPU
		{21301DFB-7DF4-4FF4-B5B3-9D64336E5C72}.Release|ARM.Build.0 = Release|Any CPU
		{21301DFB-7DF4-4FF4-B5B3-9D64336E5C72}.Release|ARM64.ActiveCfg = Release|Any CPU
		{21301DFB-7DF4-4FF4-B5B3-9D64336E5C72}.Release|ARM64.Build.0 = Release|Any CPU
		{21301DFB-7DF4-4FF4-B5B3-9D64336E5C72}.Release|x64.ActiveCfg = Release|Any CPU
		{21301DFB-7DF4-4FF4-B5B3-9D64336E5C72}.Release|x64.Build.0 = Release|Any CPU
		{21301DFB-7DF4-4FF4-B5B3-9D64336E5C72}.Release|x86.ActiveCfg = Release|Any CPU
		{21301DFB-7DF4-4FF4-B5B3-9D64336E5C72}.Release|x86.Build.0 = Release|Any CPU
		{E1AC889D-E7CD-4E2A-9354-2669F8FBCC05}.Debug|Any CPU.ActiveCfg = Debug|Any CPU
		{E1AC889D-E7CD-4E2A-9354-2669F8FBCC05}.Debug|Any CPU.Build.0 = Debug|Any CPU
		{E1AC889D-E7CD-4E2A-9354-2669F8FBCC05}.Debug|ARM.ActiveCfg = Debug|Any CPU
		{E1AC889D-E7CD-4E2A-9354-2669F8FBCC05}.Debug|ARM.Build.0 = Debug|Any CPU
		{E1AC889D-E7CD-4E2A-9354-2669F8FBCC05}.Debug|ARM64.ActiveCfg = Debug|Any CPU
		{E1AC889D-E7CD-4E2A-9354-2669F8FBCC05}.Debug|ARM64.Build.0 = Debug|Any CPU
		{E1AC889D-E7CD-4E2A-9354-2669F8FBCC05}.Debug|x64.ActiveCfg = Debug|Any CPU
		{E1AC889D-E7CD-4E2A-9354-2669F8FBCC05}.Debug|x64.Build.0 = Debug|Any CPU
		{E1AC889D-E7CD-4E2A-9354-2669F8FBCC05}.Debug|x86.ActiveCfg = Debug|Any CPU
		{E1AC889D-E7CD-4E2A-9354-2669F8FBCC05}.Debug|x86.Build.0 = Debug|Any CPU
		{E1AC889D-E7CD-4E2A-9354-2669F8FBCC05}.GN|Any CPU.ActiveCfg = Release|Any CPU
		{E1AC889D-E7CD-4E2A-9354-2669F8FBCC05}.GN|Any CPU.Build.0 = Release|Any CPU
		{E1AC889D-E7CD-4E2A-9354-2669F8FBCC05}.GN|ARM.ActiveCfg = Release|Any CPU
		{E1AC889D-E7CD-4E2A-9354-2669F8FBCC05}.GN|ARM.Build.0 = Release|Any CPU
		{E1AC889D-E7CD-4E2A-9354-2669F8FBCC05}.GN|ARM64.ActiveCfg = Release|Any CPU
		{E1AC889D-E7CD-4E2A-9354-2669F8FBCC05}.GN|ARM64.Build.0 = Release|Any CPU
		{E1AC889D-E7CD-4E2A-9354-2669F8FBCC05}.GN|x64.ActiveCfg = Release|Any CPU
		{E1AC889D-E7CD-4E2A-9354-2669F8FBCC05}.GN|x64.Build.0 = Release|Any CPU
		{E1AC889D-E7CD-4E2A-9354-2669F8FBCC05}.GN|x86.ActiveCfg = Release|Any CPU
		{E1AC889D-E7CD-4E2A-9354-2669F8FBCC05}.GN|x86.Build.0 = Release|Any CPU
		{E1AC889D-E7CD-4E2A-9354-2669F8FBCC05}.Release|Any CPU.ActiveCfg = Release|Any CPU
		{E1AC889D-E7CD-4E2A-9354-2669F8FBCC05}.Release|Any CPU.Build.0 = Release|Any CPU
		{E1AC889D-E7CD-4E2A-9354-2669F8FBCC05}.Release|ARM.ActiveCfg = Release|Any CPU
		{E1AC889D-E7CD-4E2A-9354-2669F8FBCC05}.Release|ARM.Build.0 = Release|Any CPU
		{E1AC889D-E7CD-4E2A-9354-2669F8FBCC05}.Release|ARM64.ActiveCfg = Release|Any CPU
		{E1AC889D-E7CD-4E2A-9354-2669F8FBCC05}.Release|ARM64.Build.0 = Release|Any CPU
		{E1AC889D-E7CD-4E2A-9354-2669F8FBCC05}.Release|x64.ActiveCfg = Release|Any CPU
		{E1AC889D-E7CD-4E2A-9354-2669F8FBCC05}.Release|x64.Build.0 = Release|Any CPU
		{E1AC889D-E7CD-4E2A-9354-2669F8FBCC05}.Release|x86.ActiveCfg = Release|Any CPU
		{E1AC889D-E7CD-4E2A-9354-2669F8FBCC05}.Release|x86.Build.0 = Release|Any CPU
		{08BB7CB3-21E8-4DEE-BB2C-E4C2F8D870F5}.Debug|Any CPU.ActiveCfg = Debug|Any CPU
		{08BB7CB3-21E8-4DEE-BB2C-E4C2F8D870F5}.Debug|Any CPU.Build.0 = Debug|Any CPU
		{08BB7CB3-21E8-4DEE-BB2C-E4C2F8D870F5}.Debug|ARM.ActiveCfg = Debug|Any CPU
		{08BB7CB3-21E8-4DEE-BB2C-E4C2F8D870F5}.Debug|ARM.Build.0 = Debug|Any CPU
		{08BB7CB3-21E8-4DEE-BB2C-E4C2F8D870F5}.Debug|ARM64.ActiveCfg = Debug|Any CPU
		{08BB7CB3-21E8-4DEE-BB2C-E4C2F8D870F5}.Debug|ARM64.Build.0 = Debug|Any CPU
		{08BB7CB3-21E8-4DEE-BB2C-E4C2F8D870F5}.Debug|x64.ActiveCfg = Debug|Any CPU
		{08BB7CB3-21E8-4DEE-BB2C-E4C2F8D870F5}.Debug|x64.Build.0 = Debug|Any CPU
		{08BB7CB3-21E8-4DEE-BB2C-E4C2F8D870F5}.Debug|x86.ActiveCfg = Debug|Any CPU
		{08BB7CB3-21E8-4DEE-BB2C-E4C2F8D870F5}.Debug|x86.Build.0 = Debug|Any CPU
		{08BB7CB3-21E8-4DEE-BB2C-E4C2F8D870F5}.GN|Any CPU.ActiveCfg = Release|Any CPU
		{08BB7CB3-21E8-4DEE-BB2C-E4C2F8D870F5}.GN|Any CPU.Build.0 = Release|Any CPU
		{08BB7CB3-21E8-4DEE-BB2C-E4C2F8D870F5}.GN|ARM.ActiveCfg = Release|Any CPU
		{08BB7CB3-21E8-4DEE-BB2C-E4C2F8D870F5}.GN|ARM.Build.0 = Release|Any CPU
		{08BB7CB3-21E8-4DEE-BB2C-E4C2F8D870F5}.GN|ARM64.ActiveCfg = Release|Any CPU
		{08BB7CB3-21E8-4DEE-BB2C-E4C2F8D870F5}.GN|ARM64.Build.0 = Release|Any CPU
		{08BB7CB3-21E8-4DEE-BB2C-E4C2F8D870F5}.GN|x64.ActiveCfg = Release|Any CPU
		{08BB7CB3-21E8-4DEE-BB2C-E4C2F8D870F5}.GN|x64.Build.0 = Release|Any CPU
		{08BB7CB3-21E8-4DEE-BB2C-E4C2F8D870F5}.GN|x86.ActiveCfg = Release|Any CPU
		{08BB7CB3-21E8-4DEE-BB2C-E4C2F8D870F5}.GN|x86.Build.0 = Release|Any CPU
		{08BB7CB3-21E8-4DEE-BB2C-E4C2F8D870F5}.Release|Any CPU.ActiveCfg = Release|Any CPU
		{08BB7CB3-21E8-4DEE-BB2C-E4C2F8D870F5}.Release|Any CPU.Build.0 = Release|Any CPU
		{08BB7CB3-21E8-4DEE-BB2C-E4C2F8D870F5}.Release|ARM.ActiveCfg = Release|Any CPU
		{08BB7CB3-21E8-4DEE-BB2C-E4C2F8D870F5}.Release|ARM.Build.0 = Release|Any CPU
		{08BB7CB3-21E8-4DEE-BB2C-E4C2F8D870F5}.Release|ARM64.ActiveCfg = Release|Any CPU
		{08BB7CB3-21E8-4DEE-BB2C-E4C2F8D870F5}.Release|ARM64.Build.0 = Release|Any CPU
		{08BB7CB3-21E8-4DEE-BB2C-E4C2F8D870F5}.Release|x64.ActiveCfg = Release|Any CPU
		{08BB7CB3-21E8-4DEE-BB2C-E4C2F8D870F5}.Release|x64.Build.0 = Release|Any CPU
		{08BB7CB3-21E8-4DEE-BB2C-E4C2F8D870F5}.Release|x86.ActiveCfg = Release|Any CPU
		{08BB7CB3-21E8-4DEE-BB2C-E4C2F8D870F5}.Release|x86.Build.0 = Release|Any CPU
		{8AF7E7EC-909C-4F8D-B56A-D6690F1A4517}.Debug|Any CPU.ActiveCfg = Debug|Any CPU
		{8AF7E7EC-909C-4F8D-B56A-D6690F1A4517}.Debug|Any CPU.Build.0 = Debug|Any CPU
		{8AF7E7EC-909C-4F8D-B56A-D6690F1A4517}.Debug|ARM.ActiveCfg = Debug|Any CPU
		{8AF7E7EC-909C-4F8D-B56A-D6690F1A4517}.Debug|ARM.Build.0 = Debug|Any CPU
		{8AF7E7EC-909C-4F8D-B56A-D6690F1A4517}.Debug|ARM64.ActiveCfg = Debug|Any CPU
		{8AF7E7EC-909C-4F8D-B56A-D6690F1A4517}.Debug|ARM64.Build.0 = Debug|Any CPU
		{8AF7E7EC-909C-4F8D-B56A-D6690F1A4517}.Debug|x64.ActiveCfg = Debug|Any CPU
		{8AF7E7EC-909C-4F8D-B56A-D6690F1A4517}.Debug|x64.Build.0 = Debug|Any CPU
		{8AF7E7EC-909C-4F8D-B56A-D6690F1A4517}.Debug|x86.ActiveCfg = Debug|x86
		{8AF7E7EC-909C-4F8D-B56A-D6690F1A4517}.Debug|x86.Build.0 = Debug|x86
		{8AF7E7EC-909C-4F8D-B56A-D6690F1A4517}.GN|Any CPU.ActiveCfg = Release|Any CPU
		{8AF7E7EC-909C-4F8D-B56A-D6690F1A4517}.GN|Any CPU.Build.0 = Release|Any CPU
		{8AF7E7EC-909C-4F8D-B56A-D6690F1A4517}.GN|ARM.ActiveCfg = Release|Any CPU
		{8AF7E7EC-909C-4F8D-B56A-D6690F1A4517}.GN|ARM.Build.0 = Release|Any CPU
		{8AF7E7EC-909C-4F8D-B56A-D6690F1A4517}.GN|ARM64.ActiveCfg = Release|Any CPU
		{8AF7E7EC-909C-4F8D-B56A-D6690F1A4517}.GN|ARM64.Build.0 = Release|Any CPU
		{8AF7E7EC-909C-4F8D-B56A-D6690F1A4517}.GN|x64.ActiveCfg = Release|Any CPU
		{8AF7E7EC-909C-4F8D-B56A-D6690F1A4517}.GN|x64.Build.0 = Release|Any CPU
		{8AF7E7EC-909C-4F8D-B56A-D6690F1A4517}.GN|x86.ActiveCfg = Release|x86
		{8AF7E7EC-909C-4F8D-B56A-D6690F1A4517}.GN|x86.Build.0 = Release|x86
		{8AF7E7EC-909C-4F8D-B56A-D6690F1A4517}.Release|Any CPU.ActiveCfg = Release|Any CPU
		{8AF7E7EC-909C-4F8D-B56A-D6690F1A4517}.Release|Any CPU.Build.0 = Release|Any CPU
		{8AF7E7EC-909C-4F8D-B56A-D6690F1A4517}.Release|ARM.ActiveCfg = Release|Any CPU
		{8AF7E7EC-909C-4F8D-B56A-D6690F1A4517}.Release|ARM.Build.0 = Release|Any CPU
		{8AF7E7EC-909C-4F8D-B56A-D6690F1A4517}.Release|ARM64.ActiveCfg = Release|Any CPU
		{8AF7E7EC-909C-4F8D-B56A-D6690F1A4517}.Release|ARM64.Build.0 = Release|Any CPU
		{8AF7E7EC-909C-4F8D-B56A-D6690F1A4517}.Release|x64.ActiveCfg = Release|Any CPU
		{8AF7E7EC-909C-4F8D-B56A-D6690F1A4517}.Release|x64.Build.0 = Release|Any CPU
		{8AF7E7EC-909C-4F8D-B56A-D6690F1A4517}.Release|x86.ActiveCfg = Release|x86
		{8AF7E7EC-909C-4F8D-B56A-D6690F1A4517}.Release|x86.Build.0 = Release|x86
		{352BF0AD-363D-490D-A865-F7C017603906}.Debug|Any CPU.ActiveCfg = Debug|Any CPU
		{352BF0AD-363D-490D-A865-F7C017603906}.Debug|Any CPU.Build.0 = Debug|Any CPU
		{352BF0AD-363D-490D-A865-F7C017603906}.Debug|ARM.ActiveCfg = Debug|Any CPU
		{352BF0AD-363D-490D-A865-F7C017603906}.Debug|ARM.Build.0 = Debug|Any CPU
		{352BF0AD-363D-490D-A865-F7C017603906}.Debug|ARM64.ActiveCfg = Debug|Any CPU
		{352BF0AD-363D-490D-A865-F7C017603906}.Debug|ARM64.Build.0 = Debug|Any CPU
		{352BF0AD-363D-490D-A865-F7C017603906}.Debug|x64.ActiveCfg = Debug|Any CPU
		{352BF0AD-363D-490D-A865-F7C017603906}.Debug|x64.Build.0 = Debug|Any CPU
		{352BF0AD-363D-490D-A865-F7C017603906}.Debug|x86.ActiveCfg = Debug|Any CPU
		{352BF0AD-363D-490D-A865-F7C017603906}.Debug|x86.Build.0 = Debug|Any CPU
		{352BF0AD-363D-490D-A865-F7C017603906}.GN|Any CPU.ActiveCfg = Release|Any CPU
		{352BF0AD-363D-490D-A865-F7C017603906}.GN|Any CPU.Build.0 = Release|Any CPU
		{352BF0AD-363D-490D-A865-F7C017603906}.GN|ARM.ActiveCfg = Release|Any CPU
		{352BF0AD-363D-490D-A865-F7C017603906}.GN|ARM.Build.0 = Release|Any CPU
		{352BF0AD-363D-490D-A865-F7C017603906}.GN|ARM64.ActiveCfg = Release|Any CPU
		{352BF0AD-363D-490D-A865-F7C017603906}.GN|ARM64.Build.0 = Release|Any CPU
		{352BF0AD-363D-490D-A865-F7C017603906}.GN|x64.ActiveCfg = Release|Any CPU
		{352BF0AD-363D-490D-A865-F7C017603906}.GN|x64.Build.0 = Release|Any CPU
		{352BF0AD-363D-490D-A865-F7C017603906}.GN|x86.ActiveCfg = Release|Any CPU
		{352BF0AD-363D-490D-A865-F7C017603906}.GN|x86.Build.0 = Release|Any CPU
		{352BF0AD-363D-490D-A865-F7C017603906}.Release|Any CPU.ActiveCfg = Release|Any CPU
		{352BF0AD-363D-490D-A865-F7C017603906}.Release|Any CPU.Build.0 = Release|Any CPU
		{352BF0AD-363D-490D-A865-F7C017603906}.Release|ARM.ActiveCfg = Release|Any CPU
		{352BF0AD-363D-490D-A865-F7C017603906}.Release|ARM.Build.0 = Release|Any CPU
		{352BF0AD-363D-490D-A865-F7C017603906}.Release|ARM64.ActiveCfg = Release|Any CPU
		{352BF0AD-363D-490D-A865-F7C017603906}.Release|ARM64.Build.0 = Release|Any CPU
		{352BF0AD-363D-490D-A865-F7C017603906}.Release|x64.ActiveCfg = Release|Any CPU
		{352BF0AD-363D-490D-A865-F7C017603906}.Release|x64.Build.0 = Release|Any CPU
		{352BF0AD-363D-490D-A865-F7C017603906}.Release|x86.ActiveCfg = Release|Any CPU
		{352BF0AD-363D-490D-A865-F7C017603906}.Release|x86.Build.0 = Release|Any CPU
		{1C48817C-3C80-4D0D-95BC-FEACB3BA358A}.Debug|Any CPU.ActiveCfg = Debug|Any CPU
		{1C48817C-3C80-4D0D-95BC-FEACB3BA358A}.Debug|Any CPU.Build.0 = Debug|Any CPU
		{1C48817C-3C80-4D0D-95BC-FEACB3BA358A}.Debug|ARM.ActiveCfg = Debug|Any CPU
		{1C48817C-3C80-4D0D-95BC-FEACB3BA358A}.Debug|ARM.Build.0 = Debug|Any CPU
		{1C48817C-3C80-4D0D-95BC-FEACB3BA358A}.Debug|ARM64.ActiveCfg = Debug|Any CPU
		{1C48817C-3C80-4D0D-95BC-FEACB3BA358A}.Debug|ARM64.Build.0 = Debug|Any CPU
		{1C48817C-3C80-4D0D-95BC-FEACB3BA358A}.Debug|x64.ActiveCfg = Debug|Any CPU
		{1C48817C-3C80-4D0D-95BC-FEACB3BA358A}.Debug|x64.Build.0 = Debug|Any CPU
		{1C48817C-3C80-4D0D-95BC-FEACB3BA358A}.Debug|x86.ActiveCfg = Debug|Any CPU
		{1C48817C-3C80-4D0D-95BC-FEACB3BA358A}.Debug|x86.Build.0 = Debug|Any CPU
		{1C48817C-3C80-4D0D-95BC-FEACB3BA358A}.GN|Any CPU.ActiveCfg = Release|Any CPU
		{1C48817C-3C80-4D0D-95BC-FEACB3BA358A}.GN|Any CPU.Build.0 = Release|Any CPU
		{1C48817C-3C80-4D0D-95BC-FEACB3BA358A}.GN|ARM.ActiveCfg = Release|Any CPU
		{1C48817C-3C80-4D0D-95BC-FEACB3BA358A}.GN|ARM.Build.0 = Release|Any CPU
		{1C48817C-3C80-4D0D-95BC-FEACB3BA358A}.GN|ARM64.ActiveCfg = Release|Any CPU
		{1C48817C-3C80-4D0D-95BC-FEACB3BA358A}.GN|ARM64.Build.0 = Release|Any CPU
		{1C48817C-3C80-4D0D-95BC-FEACB3BA358A}.GN|x64.ActiveCfg = Release|Any CPU
		{1C48817C-3C80-4D0D-95BC-FEACB3BA358A}.GN|x64.Build.0 = Release|Any CPU
		{1C48817C-3C80-4D0D-95BC-FEACB3BA358A}.GN|x86.ActiveCfg = Release|Any CPU
		{1C48817C-3C80-4D0D-95BC-FEACB3BA358A}.GN|x86.Build.0 = Release|Any CPU
		{1C48817C-3C80-4D0D-95BC-FEACB3BA358A}.Release|Any CPU.ActiveCfg = Release|Any CPU
		{1C48817C-3C80-4D0D-95BC-FEACB3BA358A}.Release|Any CPU.Build.0 = Release|Any CPU
		{1C48817C-3C80-4D0D-95BC-FEACB3BA358A}.Release|ARM.ActiveCfg = Release|Any CPU
		{1C48817C-3C80-4D0D-95BC-FEACB3BA358A}.Release|ARM.Build.0 = Release|Any CPU
		{1C48817C-3C80-4D0D-95BC-FEACB3BA358A}.Release|ARM64.ActiveCfg = Release|Any CPU
		{1C48817C-3C80-4D0D-95BC-FEACB3BA358A}.Release|ARM64.Build.0 = Release|Any CPU
		{1C48817C-3C80-4D0D-95BC-FEACB3BA358A}.Release|x64.ActiveCfg = Release|Any CPU
		{1C48817C-3C80-4D0D-95BC-FEACB3BA358A}.Release|x64.Build.0 = Release|Any CPU
		{1C48817C-3C80-4D0D-95BC-FEACB3BA358A}.Release|x86.ActiveCfg = Release|Any CPU
		{1C48817C-3C80-4D0D-95BC-FEACB3BA358A}.Release|x86.Build.0 = Release|Any CPU
		{CDC45951-BB9E-4B61-9C09-AA3D3DE068F3}.Debug|Any CPU.ActiveCfg = Debug|Any CPU
		{CDC45951-BB9E-4B61-9C09-AA3D3DE068F3}.Debug|Any CPU.Build.0 = Debug|Any CPU
		{CDC45951-BB9E-4B61-9C09-AA3D3DE068F3}.Debug|ARM.ActiveCfg = Debug|Any CPU
		{CDC45951-BB9E-4B61-9C09-AA3D3DE068F3}.Debug|ARM.Build.0 = Debug|Any CPU
		{CDC45951-BB9E-4B61-9C09-AA3D3DE068F3}.Debug|ARM64.ActiveCfg = Debug|Any CPU
		{CDC45951-BB9E-4B61-9C09-AA3D3DE068F3}.Debug|ARM64.Build.0 = Debug|Any CPU
		{CDC45951-BB9E-4B61-9C09-AA3D3DE068F3}.Debug|x64.ActiveCfg = Debug|Any CPU
		{CDC45951-BB9E-4B61-9C09-AA3D3DE068F3}.Debug|x64.Build.0 = Debug|Any CPU
		{CDC45951-BB9E-4B61-9C09-AA3D3DE068F3}.Debug|x86.ActiveCfg = Debug|Any CPU
		{CDC45951-BB9E-4B61-9C09-AA3D3DE068F3}.Debug|x86.Build.0 = Debug|Any CPU
		{CDC45951-BB9E-4B61-9C09-AA3D3DE068F3}.GN|Any CPU.ActiveCfg = Release|Any CPU
		{CDC45951-BB9E-4B61-9C09-AA3D3DE068F3}.GN|Any CPU.Build.0 = Release|Any CPU
		{CDC45951-BB9E-4B61-9C09-AA3D3DE068F3}.GN|ARM.ActiveCfg = Release|Any CPU
		{CDC45951-BB9E-4B61-9C09-AA3D3DE068F3}.GN|ARM.Build.0 = Release|Any CPU
		{CDC45951-BB9E-4B61-9C09-AA3D3DE068F3}.GN|ARM64.ActiveCfg = Release|Any CPU
		{CDC45951-BB9E-4B61-9C09-AA3D3DE068F3}.GN|ARM64.Build.0 = Release|Any CPU
		{CDC45951-BB9E-4B61-9C09-AA3D3DE068F3}.GN|x64.ActiveCfg = Release|Any CPU
		{CDC45951-BB9E-4B61-9C09-AA3D3DE068F3}.GN|x64.Build.0 = Release|Any CPU
		{CDC45951-BB9E-4B61-9C09-AA3D3DE068F3}.GN|x86.ActiveCfg = Release|Any CPU
		{CDC45951-BB9E-4B61-9C09-AA3D3DE068F3}.GN|x86.Build.0 = Release|Any CPU
		{CDC45951-BB9E-4B61-9C09-AA3D3DE068F3}.Release|Any CPU.ActiveCfg = Release|Any CPU
		{CDC45951-BB9E-4B61-9C09-AA3D3DE068F3}.Release|Any CPU.Build.0 = Release|Any CPU
		{CDC45951-BB9E-4B61-9C09-AA3D3DE068F3}.Release|ARM.ActiveCfg = Release|Any CPU
		{CDC45951-BB9E-4B61-9C09-AA3D3DE068F3}.Release|ARM.Build.0 = Release|Any CPU
		{CDC45951-BB9E-4B61-9C09-AA3D3DE068F3}.Release|ARM64.ActiveCfg = Release|Any CPU
		{CDC45951-BB9E-4B61-9C09-AA3D3DE068F3}.Release|ARM64.Build.0 = Release|Any CPU
		{CDC45951-BB9E-4B61-9C09-AA3D3DE068F3}.Release|x64.ActiveCfg = Release|Any CPU
		{CDC45951-BB9E-4B61-9C09-AA3D3DE068F3}.Release|x64.Build.0 = Release|Any CPU
		{CDC45951-BB9E-4B61-9C09-AA3D3DE068F3}.Release|x86.ActiveCfg = Release|Any CPU
		{CDC45951-BB9E-4B61-9C09-AA3D3DE068F3}.Release|x86.Build.0 = Release|Any CPU
		{5AE3FF6F-D753-4848-B9CD-E1C6F471F4BA}.Debug|Any CPU.ActiveCfg = Debug|Any CPU
		{5AE3FF6F-D753-4848-B9CD-E1C6F471F4BA}.Debug|Any CPU.Build.0 = Debug|Any CPU
		{5AE3FF6F-D753-4848-B9CD-E1C6F471F4BA}.Debug|ARM.ActiveCfg = Debug|Any CPU
		{5AE3FF6F-D753-4848-B9CD-E1C6F471F4BA}.Debug|ARM.Build.0 = Debug|Any CPU
		{5AE3FF6F-D753-4848-B9CD-E1C6F471F4BA}.Debug|ARM64.ActiveCfg = Debug|Any CPU
		{5AE3FF6F-D753-4848-B9CD-E1C6F471F4BA}.Debug|ARM64.Build.0 = Debug|Any CPU
		{5AE3FF6F-D753-4848-B9CD-E1C6F471F4BA}.Debug|x64.ActiveCfg = Debug|Any CPU
		{5AE3FF6F-D753-4848-B9CD-E1C6F471F4BA}.Debug|x64.Build.0 = Debug|Any CPU
		{5AE3FF6F-D753-4848-B9CD-E1C6F471F4BA}.Debug|x86.ActiveCfg = Debug|Any CPU
		{5AE3FF6F-D753-4848-B9CD-E1C6F471F4BA}.Debug|x86.Build.0 = Debug|Any CPU
		{5AE3FF6F-D753-4848-B9CD-E1C6F471F4BA}.GN|Any CPU.ActiveCfg = Release|Any CPU
		{5AE3FF6F-D753-4848-B9CD-E1C6F471F4BA}.GN|Any CPU.Build.0 = Release|Any CPU
		{5AE3FF6F-D753-4848-B9CD-E1C6F471F4BA}.GN|ARM.ActiveCfg = Release|Any CPU
		{5AE3FF6F-D753-4848-B9CD-E1C6F471F4BA}.GN|ARM.Build.0 = Release|Any CPU
		{5AE3FF6F-D753-4848-B9CD-E1C6F471F4BA}.GN|ARM64.ActiveCfg = Release|Any CPU
		{5AE3FF6F-D753-4848-B9CD-E1C6F471F4BA}.GN|ARM64.Build.0 = Release|Any CPU
		{5AE3FF6F-D753-4848-B9CD-E1C6F471F4BA}.GN|x64.ActiveCfg = Release|Any CPU
		{5AE3FF6F-D753-4848-B9CD-E1C6F471F4BA}.GN|x64.Build.0 = Release|Any CPU
		{5AE3FF6F-D753-4848-B9CD-E1C6F471F4BA}.GN|x86.ActiveCfg = Release|Any CPU
		{5AE3FF6F-D753-4848-B9CD-E1C6F471F4BA}.GN|x86.Build.0 = Release|Any CPU
		{5AE3FF6F-D753-4848-B9CD-E1C6F471F4BA}.Release|Any CPU.ActiveCfg = Release|Any CPU
		{5AE3FF6F-D753-4848-B9CD-E1C6F471F4BA}.Release|Any CPU.Build.0 = Release|Any CPU
		{5AE3FF6F-D753-4848-B9CD-E1C6F471F4BA}.Release|ARM.ActiveCfg = Release|Any CPU
		{5AE3FF6F-D753-4848-B9CD-E1C6F471F4BA}.Release|ARM.Build.0 = Release|Any CPU
		{5AE3FF6F-D753-4848-B9CD-E1C6F471F4BA}.Release|ARM64.ActiveCfg = Release|Any CPU
		{5AE3FF6F-D753-4848-B9CD-E1C6F471F4BA}.Release|ARM64.Build.0 = Release|Any CPU
		{5AE3FF6F-D753-4848-B9CD-E1C6F471F4BA}.Release|x64.ActiveCfg = Release|Any CPU
		{5AE3FF6F-D753-4848-B9CD-E1C6F471F4BA}.Release|x64.Build.0 = Release|Any CPU
		{5AE3FF6F-D753-4848-B9CD-E1C6F471F4BA}.Release|x86.ActiveCfg = Release|Any CPU
		{5AE3FF6F-D753-4848-B9CD-E1C6F471F4BA}.Release|x86.Build.0 = Release|Any CPU
		{A82510EF-844E-420C-BCA1-DF2A037638CA}.Debug|Any CPU.ActiveCfg = Debug|Any CPU
		{A82510EF-844E-420C-BCA1-DF2A037638CA}.Debug|Any CPU.Build.0 = Debug|Any CPU
		{A82510EF-844E-420C-BCA1-DF2A037638CA}.Debug|ARM.ActiveCfg = Debug|Any CPU
		{A82510EF-844E-420C-BCA1-DF2A037638CA}.Debug|ARM.Build.0 = Debug|Any CPU
		{A82510EF-844E-420C-BCA1-DF2A037638CA}.Debug|ARM64.ActiveCfg = Debug|Any CPU
		{A82510EF-844E-420C-BCA1-DF2A037638CA}.Debug|ARM64.Build.0 = Debug|Any CPU
		{A82510EF-844E-420C-BCA1-DF2A037638CA}.Debug|x64.ActiveCfg = Debug|Any CPU
		{A82510EF-844E-420C-BCA1-DF2A037638CA}.Debug|x64.Build.0 = Debug|Any CPU
		{A82510EF-844E-420C-BCA1-DF2A037638CA}.Debug|x86.ActiveCfg = Debug|x86
		{A82510EF-844E-420C-BCA1-DF2A037638CA}.Debug|x86.Build.0 = Debug|x86
		{A82510EF-844E-420C-BCA1-DF2A037638CA}.GN|Any CPU.ActiveCfg = Debug|Any CPU
		{A82510EF-844E-420C-BCA1-DF2A037638CA}.GN|Any CPU.Build.0 = Debug|Any CPU
		{A82510EF-844E-420C-BCA1-DF2A037638CA}.GN|ARM.ActiveCfg = Debug|Any CPU
		{A82510EF-844E-420C-BCA1-DF2A037638CA}.GN|ARM.Build.0 = Debug|Any CPU
		{A82510EF-844E-420C-BCA1-DF2A037638CA}.GN|ARM64.ActiveCfg = Debug|Any CPU
		{A82510EF-844E-420C-BCA1-DF2A037638CA}.GN|ARM64.Build.0 = Debug|Any CPU
		{A82510EF-844E-420C-BCA1-DF2A037638CA}.GN|x64.ActiveCfg = Debug|Any CPU
		{A82510EF-844E-420C-BCA1-DF2A037638CA}.GN|x64.Build.0 = Debug|Any CPU
		{A82510EF-844E-420C-BCA1-DF2A037638CA}.GN|x86.ActiveCfg = Release|x86
		{A82510EF-844E-420C-BCA1-DF2A037638CA}.GN|x86.Build.0 = Release|x86
		{A82510EF-844E-420C-BCA1-DF2A037638CA}.Release|Any CPU.ActiveCfg = Release|Any CPU
		{A82510EF-844E-420C-BCA1-DF2A037638CA}.Release|Any CPU.Build.0 = Release|Any CPU
		{A82510EF-844E-420C-BCA1-DF2A037638CA}.Release|ARM.ActiveCfg = Release|Any CPU
		{A82510EF-844E-420C-BCA1-DF2A037638CA}.Release|ARM.Build.0 = Release|Any CPU
		{A82510EF-844E-420C-BCA1-DF2A037638CA}.Release|ARM64.ActiveCfg = Release|Any CPU
		{A82510EF-844E-420C-BCA1-DF2A037638CA}.Release|ARM64.Build.0 = Release|Any CPU
		{A82510EF-844E-420C-BCA1-DF2A037638CA}.Release|x64.ActiveCfg = Release|Any CPU
		{A82510EF-844E-420C-BCA1-DF2A037638CA}.Release|x64.Build.0 = Release|Any CPU
		{A82510EF-844E-420C-BCA1-DF2A037638CA}.Release|x86.ActiveCfg = Release|x86
		{A82510EF-844E-420C-BCA1-DF2A037638CA}.Release|x86.Build.0 = Release|x86
	EndGlobalSection
	GlobalSection(SolutionProperties) = preSolution
		HideSolutionNode = FALSE
	EndGlobalSection
	GlobalSection(NestedProjects) = preSolution
		{C4A490C2-428A-4AEB-8169-36B8B1B38CCF} = {15012062-02CD-4917-9DED-88ACC71E5718}
		{12358CDF-D705-426C-A4C1-233BF31FA87E} = {A50A519E-5AEB-4FCD-8B5D-B4D1D5B0125A}
		{21301DFB-7DF4-4FF4-B5B3-9D64336E5C72} = {A50A519E-5AEB-4FCD-8B5D-B4D1D5B0125A}
		{E1AC889D-E7CD-4E2A-9354-2669F8FBCC05} = {0C2F3FB0-7914-4AF2-A404-F9D0E566758B}
		{08BB7CB3-21E8-4DEE-BB2C-E4C2F8D870F5} = {0C2F3FB0-7914-4AF2-A404-F9D0E566758B}
		{8AF7E7EC-909C-4F8D-B56A-D6690F1A4517} = {A50A519E-5AEB-4FCD-8B5D-B4D1D5B0125A}
		{352BF0AD-363D-490D-A865-F7C017603906} = {E8BC1A21-4461-42F1-92D6-2D9372A20438}
		{1C48817C-3C80-4D0D-95BC-FEACB3BA358A} = {A50A519E-5AEB-4FCD-8B5D-B4D1D5B0125A}
		{CDC45951-BB9E-4B61-9C09-AA3D3DE068F3} = {15012062-02CD-4917-9DED-88ACC71E5718}
		{5AE3FF6F-D753-4848-B9CD-E1C6F471F4BA} = {15012062-02CD-4917-9DED-88ACC71E5718}
		{A82510EF-844E-420C-BCA1-DF2A037638CA} = {A50A519E-5AEB-4FCD-8B5D-B4D1D5B0125A}
	EndGlobalSection
	GlobalSection(ExtensibilityGlobals) = postSolution
		SolutionGuid = {8357EBBE-70F5-4A05-9509-E793899BAC32}
	EndGlobalSection
EndGlobal
